PODS:
  - Capacitor (7.0.1):
    - CapacitorCordova
  - CapacitorApp (7.0.1):
    - Capacitor
  - CapacitorBrowser (7.0.1):
    - Capacitor
  - CapacitorCamera (7.0.0):
    - Capacitor
  - CapacitorCordova (7.0.1)
  - CapacitorGeolocation (7.0.0):
    - Capacitor
  - CapacitorKeyboard (7.0.0):
    - Capacitor
  - CapacitorNativeSettings (7.0.1):
    - Capacitor
  - CapacitorPluginSafeArea (4.0.0):
    - Capacitor
  - CapacitorPushNotifications (7.0.1):
    - Capacitor
  - CapacitorScreenOrientation (7.0.0):
    - Capacitor
  - CapacitorShare (7.0.0):
    - Capacitor
  - CapacitorStatusBar (7.0.0):
    - Capacitor

DEPENDENCIES:
  - "Capacitor (from `../../node_modules/@capacitor/ios`)"
  - "CapacitorApp (from `../../node_modules/@capacitor/app`)"
  - "CapacitorBrowser (from `../../node_modules/@capacitor/browser`)"
  - "CapacitorCamera (from `../../node_modules/@capacitor/camera`)"
  - "CapacitorCordova (from `../../node_modules/@capacitor/ios`)"
  - "CapacitorGeolocation (from `../../node_modules/@capacitor/geolocation`)"
  - "CapacitorKeyboard (from `../../node_modules/@capacitor/keyboard`)"
  - CapacitorNativeSettings (from `../../node_modules/capacitor-native-settings`)
  - CapacitorPluginSafeArea (from `../../node_modules/capacitor-plugin-safe-area`)
  - "CapacitorPushNotifications (from `../../node_modules/@capacitor/push-notifications`)"
  - "CapacitorScreenOrientation (from `../../node_modules/@capacitor/screen-orientation`)"
  - "CapacitorShare (from `../../node_modules/@capacitor/share`)"
  - "CapacitorStatusBar (from `../../node_modules/@capacitor/status-bar`)"

EXTERNAL SOURCES:
  Capacitor:
    :path: "../../node_modules/@capacitor/ios"
  CapacitorApp:
    :path: "../../node_modules/@capacitor/app"
  CapacitorBrowser:
    :path: "../../node_modules/@capacitor/browser"
  CapacitorCamera:
    :path: "../../node_modules/@capacitor/camera"
  CapacitorCordova:
    :path: "../../node_modules/@capacitor/ios"
  CapacitorGeolocation:
    :path: "../../node_modules/@capacitor/geolocation"
  CapacitorKeyboard:
    :path: "../../node_modules/@capacitor/keyboard"
  CapacitorNativeSettings:
    :path: "../../node_modules/capacitor-native-settings"
  CapacitorPluginSafeArea:
    :path: "../../node_modules/capacitor-plugin-safe-area"
  CapacitorPushNotifications:
    :path: "../../node_modules/@capacitor/push-notifications"
  CapacitorScreenOrientation:
    :path: "../../node_modules/@capacitor/screen-orientation"
  CapacitorShare:
    :path: "../../node_modules/@capacitor/share"
  CapacitorStatusBar:
    :path: "../../node_modules/@capacitor/status-bar"

SPEC CHECKSUMS:
  Capacitor: de199cba6c8b20995428ad0b7cb0bc6ca625ffd4
  CapacitorApp: febecbb9582cb353aed037e18ec765141f880fe9
  CapacitorBrowser: 6299776d496e968505464884d565992faa20444a
  CapacitorCamera: 20a37684b81c69c0c33fb5a7216919f135371a6f
  CapacitorCordova: 63d476958d5022d76f197031e8b7ea3519988c64
  CapacitorGeolocation: 8c81945cc5da62974d94699c347e7d88888745c0
  CapacitorKeyboard: 4db71e694e7afb5d7c0be09b05495c19f7d6c914
  CapacitorNativeSettings: bef37b3c7e2184da7416a3f162c71de19fd27593
  CapacitorPluginSafeArea: 22031c3436269ca80fac90ec2c94bc7c1e59a81d
  CapacitorPushNotifications: 6a2794788c583dd89215f1805ca4bced1b13dbdf
  CapacitorScreenOrientation: 45e36e1121cdba1634eb12077c5e99391055116f
  CapacitorShare: d94c53d7656f1ce8f6712ae8d19ab0c18a69259f
  CapacitorStatusBar: a8c4c83ed2e973bdafb979e80e4b00d027832cb7

PODFILE CHECKSUM: 734fbe55e1c59f89ea84e3dae0c59353bfd48884

COCOAPODS: 1.16.2
